
Microsoft Visual Studio Solution File, Format Version 12.00
# Visual Studio Version 17
VisualStudioVersion = 17.2.32505.173
MinimumVisualStudioVersion = 10.0.40219.1
Project("{FAE04EC0-301F-11D3-BF4B-00C04F79EFBC}") = "Practice08", "Practice08\Practice08.csproj", "{58338DEF-42FC-49DB-A6AC-4A06F403B21A}"
EndProject
Global
	GlobalSection(SolutionConfigurationPlatforms) = preSolution
		Debug|Any CPU = Debug|Any CPU
		Release|Any CPU = Release|Any CPU
	EndGlobalSection
	GlobalSection(ProjectConfigurationPlatforms) = postSolution
		{58338DEF-42FC-49DB-A6AC-4A06F403B21A}.Debug|Any CPU.ActiveCfg = Debug|Any CPU
		{58338DEF-42FC-49DB-A6AC-4A06F403B21A}.Debug|Any CPU.Build.0 = Debug|Any CPU
		{58338DEF-42FC-49DB-A6AC-4A06F403B21A}.Release|Any CPU.ActiveCfg = Release|Any CPU
		{58338DEF-42FC-49DB-A6AC-4A06F403B21A}.Release|Any CPU.Build.0 = Release|Any CPU
	EndGlobalSection
	GlobalSection(SolutionProperties) = preSolution
		HideSolutionNode = FALSE
	EndGlobalSection
	GlobalSection(ExtensibilityGlobals) = postSolution
		SolutionGuid = {FAF5E39F-CEBB-4566-B835-ABBC7149C1B1}
	EndGlobalSection
EndGlobal
